
Microsoft Visual Studio Solution File, Format Version 12.00
# Visual Studio Version 16
VisualStudioVersion = 16.0.30717.126
MinimumVisualStudioVersion = 10.0.40219.1
Project("{FAE04EC0-301F-11D3-BF4B-00C04F79EFBC}") = "Task 1.1.3 (2 variant)", "Task 1.1.3 (2 variant).csproj", "{A5B23017-6F25-4AAC-AE56-E46449C3C178}"
EndProject
Global
	GlobalSection(SolutionConfigurationPlatforms) = preSolution
		Debug|Any CPU = Debug|Any CPU
		Release|Any CPU = Release|Any CPU
	EndGlobalSection
	GlobalSection(ProjectConfigurationPlatforms) = postSolution
		{A5B23017-6F25-4AAC-AE56-E46449C3C178}.Debug|Any CPU.ActiveCfg = Debug|Any CPU
		{A5B23017-6F25-4AAC-AE56-E46449C3C178}.Debug|Any CPU.Build.0 = Debug|Any CPU
		{A5B23017-6F25-4AAC-AE56-E46449C3C178}.Release|Any CPU.ActiveCfg = Release|Any CPU
		{A5B23017-6F25-4AAC-AE56-E46449C3C178}.Release|Any CPU.Build.0 = Release|Any CPU
	EndGlobalSection
	GlobalSection(SolutionProperties) = preSolution
		HideSolutionNode = FALSE
	EndGlobalSection
	GlobalSection(ExtensibilityGlobals) = postSolution
		SolutionGuid = {9FBFB001-B86F-447D-BA50-BD40C09BBE10}
	EndGlobalSection
EndGlobal
