
Microsoft Visual Studio Solution File, Format Version 12.00
# Visual Studio Version 16
VisualStudioVersion = 16.0.30717.126
MinimumVisualStudioVersion = 10.0.40219.1
Project("{FAE04EC0-301F-11D3-BF4B-00C04F79EFBC}") = "Task 1.1.5", "Task 1.1.5.csproj", "{C1FACFB3-28DF-4C87-9A78-C10BC8038DD5}"
EndProject
Global
	GlobalSection(SolutionConfigurationPlatforms) = preSolution
		Debug|Any CPU = Debug|Any CPU
		Release|Any CPU = Release|Any CPU
	EndGlobalSection
	GlobalSection(ProjectConfigurationPlatforms) = postSolution
		{C1FACFB3-28DF-4C87-9A78-C10BC8038DD5}.Debug|Any CPU.ActiveCfg = Debug|Any CPU
		{C1FACFB3-28DF-4C87-9A78-C10BC8038DD5}.Debug|Any CPU.Build.0 = Debug|Any CPU
		{C1FACFB3-28DF-4C87-9A78-C10BC8038DD5}.Release|Any CPU.ActiveCfg = Release|Any CPU
		{C1FACFB3-28DF-4C87-9A78-C10BC8038DD5}.Release|Any CPU.Build.0 = Release|Any CPU
	EndGlobalSection
	GlobalSection(SolutionProperties) = preSolution
		HideSolutionNode = FALSE
	EndGlobalSection
	GlobalSection(ExtensibilityGlobals) = postSolution
		SolutionGuid = {2EDD9441-AF14-4EC4-98F1-C8B01A3CC1B4}
	EndGlobalSection
EndGlobal
