
Microsoft Visual Studio Solution File, Format Version 12.00
# Visual Studio Version 16
VisualStudioVersion = 16.0.30717.126
MinimumVisualStudioVersion = 10.0.40219.1
Project("{FAE04EC0-301F-11D3-BF4B-00C04F79EFBC}") = "Task 1.1.9", "Task 1.1.9.csproj", "{1C305C3D-C490-484A-9502-5B48FDC1B227}"
EndProject
Global
	GlobalSection(SolutionConfigurationPlatforms) = preSolution
		Debug|Any CPU = Debug|Any CPU
		Release|Any CPU = Release|Any CPU
	EndGlobalSection
	GlobalSection(ProjectConfigurationPlatforms) = postSolution
		{1C305C3D-C490-484A-9502-5B48FDC1B227}.Debug|Any CPU.ActiveCfg = Debug|Any CPU
		{1C305C3D-C490-484A-9502-5B48FDC1B227}.Debug|Any CPU.Build.0 = Debug|Any CPU
		{1C305C3D-C490-484A-9502-5B48FDC1B227}.Release|Any CPU.ActiveCfg = Release|Any CPU
		{1C305C3D-C490-484A-9502-5B48FDC1B227}.Release|Any CPU.Build.0 = Release|Any CPU
	EndGlobalSection
	GlobalSection(SolutionProperties) = preSolution
		HideSolutionNode = FALSE
	EndGlobalSection
	GlobalSection(ExtensibilityGlobals) = postSolution
		SolutionGuid = {D504219A-1D71-4B7A-B364-E3182CB30C72}
	EndGlobalSection
EndGlobal
